// !$*UTF8*$!
{
	archiveVersion = 1;
	classes = {
	};
	objectVersion = 46;
	objects = {

/* Begin PBXBuildFile section */
		C395601A1E26B1660038A005 /* AppDelegate.swift in Sources */ = {isa = PBXBuildFile; fileRef = C39560191E26B1660038A005 /* AppDelegate.swift */; };
		C395601C1E26B1660038A005 /* ViewController.swift in Sources */ = {isa = PBXBuildFile; fileRef = C395601B1E26B1660038A005 /* ViewController.swift */; };
		C395601F1E26B1660038A005 /* Main.storyboard in Resources */ = {isa = PBXBuildFile; fileRef = C395601D1E26B1660038A005 /* Main.storyboard */; };
		C39560211E26B1660038A005 /* Assets.xcassets in Resources */ = {isa = PBXBuildFile; fileRef = C39560201E26B1660038A005 /* Assets.xcassets */; };
		C39560241E26B1660038A005 /* LaunchScreen.storyboard in Resources */ = {isa = PBXBuildFile; fileRef = C39560221E26B1660038A005 /* LaunchScreen.storyboard */; };
/* End PBXBuildFile section */

/* Begin PBXFileReference section */
		C39560161E26B1650038A005 /* StanfordCalculator.app */ = {isa = PBXFileReference; explicitFileType = wrapper.application; includeInIndex = 0; path = StanfordCalculator.app; sourceTree = BUILT_PRODUCTS_DIR; };
		C39560191E26B1660038A005 /* AppDelegate.swift */ = {isa = PBXFileReference; lastKnownFileType = sourcecode.swift; path = AppDelegate.swift; sourceTree = "<group>"; };
		C395601B1E26B1660038A005 /* ViewController.swift */ = {isa = PBXFileReference; lastKnownFileType = sourcecode.swift; path = ViewController.swift; sourceTree = "<group>"; };
		C395601E1E26B1660038A005 /* Base */ = {isa = PBXFileReference; lastKnownFileType = file.storyboard; name = Base; path = Base.lproj/Main.storyboard; sourceTree = "<group>"; };
		C39560201E26B1660038A005 /* Assets.xcassets */ = {isa = PBXFileReference; lastKnownFileType = folder.assetcatalog; path = Assets.xcassets; sourceTree = "<group>"; };
		C39560231E26B1660038A005 /* Base */ = {isa = PBXFileReference; lastKnownFileType = file.storyboard; name = Base; path = Base.lproj/LaunchScreen.storyboard; sourceTree = "<group>"; };
		C39560251E26B1660038A005 /* Info.plist */ = {isa = PBXFileReference; lastKnownFileType = text.plist.xml; path = Info.plist; sourceTree = "<group>"; };
/* End PBXFileReference section */

/* Begin PBXFrameworksBuildPhase section */
		C39560131E26B1650038A005 /* Frameworks */ = {
			isa = PBXFrameworksBuildPhase;
			buildActionMask = 2147483647;
			files = (
			);
			runOnlyForDeploymentPostprocessing = 0;
		};
/* End PBXFrameworksBuildPhase section */

/* Begin PBXGroup section */
		C395600D1E26B1650038A005 = {
			isa = PBXGroup;
			children = (
				C39560181E26B1660038A005 /* StanfordCalculator */,
				C39560171E26B1650038A005 /* Products */,
			);
			sourceTree = "<group>";
		};
		C39560171E26B1650038A005 /* Products */ = {
			isa = PBXGroup;
			children = (
				C39560161E26B1650038A005 /* StanfordCalculator.app */,
			);
			name = Products;
			sourceTree = "<group>";
		};
		C39560181E26B1660038A005 /* StanfordCalculator */ = {
			isa = PBXGroup;
			children = (
				C39560191E26B1660038A005 /* AppDelegate.swift */,
				C395601B1E26B1660038A005 /* ViewController.swift */,
				C395601D1E26B1660038A005 /* Main.storyboard */,
				C39560201E26B1660038A005 /* Assets.xcassets */,
				C39560221E26B1660038A005 /* LaunchScreen.storyboard */,
				C39560251E26B1660038A005 /* Info.plist */,
			);
			path = StanfordCalculator;
			sourceTree = "<group>";
		};
/* End PBXGroup section */

/* Begin PBXNativeTarget section */
		C39560151E26B1650038A005 /* StanfordCalculator */ = {
			isa = PBXNativeTarget;
			buildConfigurationList = C39560281E26B1660038A005 /* Build configuration list for PBXNativeTarget "StanfordCalculator" */;
			buildPhases = (
				C39560121E26B1650038A005 /* Sources */,
				C39560131E26B1650038A005 /* Frameworks */,
				C39560141E26B1650038A005 /* Resources */,
			);
			buildRules = (
			);
			dependencies = (
			);
			name = StanfordCalculator;
			productName = StanfordCalculator;
			productReference = C39560161E26B1650038A005 /* StanfordCalculator.app */;
			productType = "com.apple.product-type.application";
		};
/* End PBXNativeTarget section */

/* Begin PBXProject section */
		C395600E1E26B1650038A005 /* Project object */ = {
			isa = PBXProject;
			attributes = {
				LastSwiftUpdateCheck = 0820;
				LastUpgradeCheck = 0820;
				ORGANIZATIONNAME = Alif;
				TargetAttributes = {
					C39560151E26B1650038A005 = {
						CreatedOnToolsVersion = 8.2;
						DevelopmentTeam = QTQW7QXE9E;
						ProvisioningStyle = Automatic;
					};
				};
			};
			buildConfigurationList = C39560111E26B1650038A005 /* Build configuration list for PBXProject "StanfordCalculator" */;
			compatibilityVersion = "Xcode 3.2";
			developmentRegion = English;
			hasScannedForEncodings = 0;
			knownRegions = (
				en,
				Base,
			);
			mainGroup = C395600D1E26B1650038A005;
			productRefGroup = C39560171E26B1650038A005 /* Products */;
			projectDirPath = "";
			projectRoot = "";
			targets = (
				C39560151E26B1650038A005 /* StanfordCalculator */,
			);
		};
/* End PBXProject section */

/* Begin PBXResourcesBuildPhase section */
		C39560141E26B1650038A005 /* Resources */ = {
			isa = PBXResourcesBuildPhase;
			buildActionMask = 2147483647;
			files = (
				C39560241E26B1660038A005 /* LaunchScreen.storyboard in Resources */,
				C39560211E26B1660038A005 /* Assets.xcassets in Resources */,
				C395601F1E26B1660038A005 /* Main.storyboard in Resources */,
			);
			runOnlyForDeploymentPostprocessing = 0;
		};
/* End PBXResourcesBuildPhase section */

/* Begin PBXSourcesBuildPhase section */
		C39560121E26B1650038A005 /* Sources */ = {
			isa = PBXSourcesBuildPhase;
			buildActionMask = 2147483647;
			files = (
				C395601C1E26B1660038A005 /* ViewController.swift in Sources */,
				C395601A1E26B1660038A005 /* AppDelegate.swift in Sources */,
			);
			runOnlyForDeploymentPostprocessing = 0;
		};
/* End PBXSourcesBuildPhase section */

/* Begin PBXVariantGroup section */
		C395601D1E26B1660038A005 /* Main.storyboard */ = {
			isa = PBXVariantGroup;
			children = (
				C395601E1E26B1660038A005 /* Base */,
			);
			name = Main.storyboard;
			sourceTree = "<group>";
		};
		C39560221E26B1660038A005 /* LaunchScreen.storyboard */ = {
			isa = PBXVariantGroup;
			children = (
				C39560231E26B1660038A005 /* Base */,
			);
			name = LaunchScreen.storyboard;
			sourceTree = "<group>";
		};
/* End PBXVariantGroup section */

/* Begin XCBuildConfiguration section */
		C39560261E26B1660038A005 /* Debug */ = {
			isa = XCBuildConfiguration;
			buildSettings = {
				ALWAYS_SEARCH_USER_PATHS = NO;
				CLANG_ANALYZER_NONNULL = YES;
				CLANG_CXX_LANGUAGE_STANDARD = "gnu++0x";
				CLANG_CXX_LIBRARY = "libc++";
				CLANG_ENABLE_MODULES = YES;
				CLANG_ENABLE_OBJC_ARC = YES;
				CLANG_WARN_BOOL_CONVERSION = YES;
				CLANG_WARN_CONSTANT_CONVERSION = YES;
				CLANG_WARN_DIRECT_OBJC_ISA_USAGE = YES_ERROR;
				CLANG_WARN_DOCUMENTATION_COMMENTS = YES;
				CLANG_WARN_EMPTY_BODY = YES;
				CLANG_WARN_ENUM_CONVERSION = YES;
				CLANG_WARN_INFINITE_RECURSION = YES;
				CLANG_WARN_INT_CONVERSION = YES;
				CLANG_WARN_OBJC_ROOT_CLASS = YES_ERROR;
				CLANG_WARN_SUSPICIOUS_MOVE = YES;
				CLANG_WARN_UNREACHABLE_CODE = YES;
				CLANG_WARN__DUPLICATE_METHOD_MATCH = YES;
				"CODE_SIGN_IDENTITY[sdk=iphoneos*]" = "iPhone Developer";
				COPY_PHASE_STRIP = NO;
				DEBUG_INFORMATION_FORMAT = dwarf;
				ENABLE_STRICT_OBJC_MSGSEND = YES;
				ENABLE_TESTABILITY = YES;
				GCC_C_LANGUAGE_STANDARD = gnu99;
				GCC_DYNAMIC_NO_PIC = NO;
				GCC_NO_COMMON_BLOCKS = YES;
				GCC_OPTIMIZATION_LEVEL = 0;
				GCC_PREPROCESSOR_DEFINITIONS = (
					"DEBUG=1",
					"$(inherited)",
				);
				GCC_WARN_64_TO_32_BIT_CONVERSION = YES;
				GCC_WARN_ABOUT_RETURN_TYPE = YES_ERROR;
				GCC_WARN_UNDECLARED_SELECTOR = YES;
				GCC_WARN_UNINITIALIZED_AUTOS = YES_AGGRESSIVE;
				GCC_WARN_UNUSED_FUNCTION = YES;
				GCC_WARN_UNUSED_VARIABLE = YES;
				IPHONEOS_DEPLOYMENT_TARGET = 10.2;
				MTL_ENABLE_DEBUG_INFO = YES;
				ONLY_ACTIVE_ARCH = YES;
				SDKROOT = iphoneos;
				SWIFT_ACTIVE_COMPILATION_CONDITIONS = DEBUG;
				SWIFT_OPTIMIZATION_LEVEL = "-Onone";
				TARGETED_DEVICE_FAMILY = "1,2";
			};
			name = Debug;
		};
		C39560271E26B1660038A005 /* Release */ = {
			isa = XCBuildConfiguration;
			buildSettings = {
				ALWAYS_SEARCH_USER_PATHS = NO;
				CLANG_ANALYZER_NONNULL = YES;
				CLANG_CXX_LANGUAGE_STANDARD = "gnu++0x";
				CLANG_CXX_LIBRARY = "libc++";
				CLANG_ENABLE_MODULES = YES;
				CLANG_ENABLE_OBJC_ARC = YES;
				CLANG_WARN_BOOL_CONVERSION = YES;
				CLANG_WARN_CONSTANT_CONVERSION = YES;
				CLANG_WARN_DIRECT_OBJC_ISA_USAGE = YES_ERROR;
				CLANG_WARN_DOCUMENTATION_COMMENTS = YES;
				CLANG_WARN_EMPTY_BODY = YES;
				CLANG_WARN_ENUM_CONVERSION = YES;
				CLANG_WARN_INFINITE_RECURSION = YES;
				CLANG_WARN_INT_CONVERSION = YES;
				CLANG_WARN_OBJC_ROOT_CLASS = YES_ERROR;
				CLANG_WARN_SUSPICIOUS_MOVE = YES;
				CLANG_WARN_UNREACHABLE_CODE = YES;
				CLANG_WARN__DUPLICATE_METHOD_MATCH = YES;
				"CODE_SIGN_IDENTITY[sdk=iphoneos*]" = "iPhone Developer";
				COPY_PHASE_STRIP = NO;
				DEBUG_INFORMATION_FORMAT = "dwarf-with-dsym";
				ENABLE_NS_ASSERTIONS = NO;
				ENABLE_STRICT_OBJC_MSGSEND = YES;
				GCC_C_LANGUAGE_STANDARD = gnu99;
				GCC_NO_COMMON_BLOCKS = YES;
				GCC_WARN_64_TO_32_BIT_CONVERSION = YES;
				GCC_WARN_ABOUT_RETURN_TYPE = YES_ERROR;
				GCC_WARN_UNDECLARED_SELECTOR = YES;
				GCC_WARN_UNINITIALIZED_AUTOS = YES_AGGRESSIVE;
				GCC_WARN_UNUSED_FUNCTION = YES;
				GCC_WARN_UNUSED_VARIABLE = YES;
				IPHONEOS_DEPLOYMENT_TARGET = 10.2;
				MTL_ENABLE_DEBUG_INFO = NO;
				SDKROOT = iphoneos;
				SWIFT_OPTIMIZATION_LEVEL = "-Owholemodule";
				TARGETED_DEVICE_FAMILY = "1,2";
				VALIDATE_PRODUCT = YES;
			};
			name = Release;
		};
		C39560291E26B1660038A005 /* Debug */ = {
			isa = XCBuildConfiguration;
			buildSettings = {
				ASSETCATALOG_COMPILER_APPICON_NAME = AppIcon;
				DEVELOPMENT_TEAM = QTQW7QXE9E;
				INFOPLIST_FILE = StanfordCalculator/Info.plist;
				LD_RUNPATH_SEARCH_PATHS = "$(inherited) @executable_path/Frameworks";
				PRODUCT_BUNDLE_IDENTIFIER = com.saroarkhandoker.StanfordCalculator;
				PRODUCT_NAME = "$(TARGET_NAME)";
				SWIFT_VERSION = 3.0;
			};
			name = Debug;
		};
		C395602A1E26B1660038A005 /* Release */ = {
			isa = XCBuildConfiguration;
			buildSettings = {
				ASSETCATALOG_COMPILER_APPICON_NAME = AppIcon;
				DEVELOPMENT_TEAM = QTQW7QXE9E;
				INFOPLIST_FILE = StanfordCalculator/Info.plist;
				LD_RUNPATH_SEARCH_PATHS = "$(inherited) @executable_path/Frameworks";
				PRODUCT_BUNDLE_IDENTIFIER = com.saroarkhandoker.StanfordCalculator;
				PRODUCT_NAME = "$(TARGET_NAME)";
				SWIFT_VERSION = 3.0;
			};
			name = Release;
		};
/* End XCBuildConfiguration section */

/* Begin XCConfigurationList section */
		C39560111E26B1650038A005 /* Build configuration list for PBXProject "StanfordCalculator" */ = {
			isa = XCConfigurationList;
			buildConfigurations = (
				C39560261E26B1660038A005 /* Debug */,
				C39560271E26B1660038A005 /* Release */,
			);
			defaultConfigurationIsVisible = 0;
			defaultConfigurationName = Release;
		};
		C39560281E26B1660038A005 /* Build configuration list for PBXNativeTarget "StanfordCalculator" */ = {
			isa = XCConfigurationList;
			buildConfigurations = (
				C39560291E26B1660038A005 /* Debug */,
				C395602A1E26B1660038A005 /* Release */,
			);
			defaultConfigurationIsVisible = 0;
		};
/* End XCConfigurationList section */
	};
	rootObject = C395600E1E26B1650038A005 /* Project object */;
}
